
Microsoft Visual Studio Solution File, Format Version 12.00
# Visual Studio Version 17
VisualStudioVersion = 17.5.33516.290
MinimumVisualStudioVersion = 10.0.40219.1
Project("{FAE04EC0-301F-11D3-BF4B-00C04F79EFBC}") = "SpotifyAPIIntegrationApplication", "SpotifyAPIIntegrationApplication\SpotifyAPIIntegrationApplication.csproj", "{E30E4CDB-25A4-47F8-B547-C86E27A113DF}"
EndProject
Global
	GlobalSection(SolutionConfigurationPlatforms) = preSolution
		Debug|Any CPU = Debug|Any CPU
		Release|Any CPU = Release|Any CPU
	EndGlobalSection
	GlobalSection(ProjectConfigurationPlatforms) = postSolution
		{E30E4CDB-25A4-47F8-B547-C86E27A113DF}.Debug|Any CPU.ActiveCfg = Debug|Any CPU
		{E30E4CDB-25A4-47F8-B547-C86E27A113DF}.Debug|Any CPU.Build.0 = Debug|Any CPU
		{E30E4CDB-25A4-47F8-B547-C86E27A113DF}.Release|Any CPU.ActiveCfg = Release|Any CPU
		{E30E4CDB-25A4-47F8-B547-C86E27A113DF}.Release|Any CPU.Build.0 = Release|Any CPU
	EndGlobalSection
	GlobalSection(SolutionProperties) = preSolution
		HideSolutionNode = FALSE
	EndGlobalSection
	GlobalSection(ExtensibilityGlobals) = postSolution
		SolutionGuid = {53FD1B9B-6433-4E43-8FD7-18835B2C02EA}
	EndGlobalSection
EndGlobal
